
Microsoft Visual Studio Solution File, Format Version 12.00
# Visual Studio Version 17
VisualStudioVersion = 17.10.34916.146
MinimumVisualStudioVersion = 10.0.40219.1
Project("{FAE04EC0-301F-11D3-BF4B-00C04F79EFBC}") = "21.05 Task1", "21.05 Task1\21.05 Task1.csproj", "{D133DB32-8661-4EA8-943E-7C61B90DD4A5}"
EndProject
Global
	GlobalSection(SolutionConfigurationPlatforms) = preSolution
		Debug|Any CPU = Debug|Any CPU
		Release|Any CPU = Release|Any CPU
	EndGlobalSection
	GlobalSection(ProjectConfigurationPlatforms) = postSolution
		{D133DB32-8661-4EA8-943E-7C61B90DD4A5}.Debug|Any CPU.ActiveCfg = Debug|Any CPU
		{D133DB32-8661-4EA8-943E-7C61B90DD4A5}.Debug|Any CPU.Build.0 = Debug|Any CPU
		{D133DB32-8661-4EA8-943E-7C61B90DD4A5}.Release|Any CPU.ActiveCfg = Release|Any CPU
		{D133DB32-8661-4EA8-943E-7C61B90DD4A5}.Release|Any CPU.Build.0 = Release|Any CPU
	EndGlobalSection
	GlobalSection(SolutionProperties) = preSolution
		HideSolutionNode = FALSE
	EndGlobalSection
	GlobalSection(ExtensibilityGlobals) = postSolution
		SolutionGuid = {73FC779F-55D5-43D5-A4B0-AE543B4EA12D}
	EndGlobalSection
EndGlobal
