
Microsoft Visual Studio Solution File, Format Version 12.00
# Visual Studio Version 17
VisualStudioVersion = 17.10.34916.146
MinimumVisualStudioVersion = 10.0.40219.1
Project("{FAE04EC0-301F-11D3-BF4B-00C04F79EFBC}") = "23.05 Task 1", "23.05 Task 1\23.05 Task 1.csproj", "{479B8926-030D-48CC-9CF9-0AD4085B1383}"
EndProject
Global
	GlobalSection(SolutionConfigurationPlatforms) = preSolution
		Debug|Any CPU = Debug|Any CPU
		Release|Any CPU = Release|Any CPU
	EndGlobalSection
	GlobalSection(ProjectConfigurationPlatforms) = postSolution
		{479B8926-030D-48CC-9CF9-0AD4085B1383}.Debug|Any CPU.ActiveCfg = Debug|Any CPU
		{479B8926-030D-48CC-9CF9-0AD4085B1383}.Debug|Any CPU.Build.0 = Debug|Any CPU
		{479B8926-030D-48CC-9CF9-0AD4085B1383}.Release|Any CPU.ActiveCfg = Release|Any CPU
		{479B8926-030D-48CC-9CF9-0AD4085B1383}.Release|Any CPU.Build.0 = Release|Any CPU
	EndGlobalSection
	GlobalSection(SolutionProperties) = preSolution
		HideSolutionNode = FALSE
	EndGlobalSection
	GlobalSection(ExtensibilityGlobals) = postSolution
		SolutionGuid = {9C2A64A6-73F0-4250-87D9-4F95539CA19B}
	EndGlobalSection
EndGlobal
