
Microsoft Visual Studio Solution File, Format Version 12.00
# Visual Studio Version 17
VisualStudioVersion = 17.10.34928.147
MinimumVisualStudioVersion = 10.0.40219.1
Project("{FAE04EC0-301F-11D3-BF4B-00C04F79EFBC}") = "Task 1 07.07.2024", "Task 1 07.07.2024\Task 1 07.07.2024.csproj", "{BFFB20BF-3F4E-450D-82D8-72807BF91E92}"
EndProject
Global
	GlobalSection(SolutionConfigurationPlatforms) = preSolution
		Debug|Any CPU = Debug|Any CPU
		Release|Any CPU = Release|Any CPU
	EndGlobalSection
	GlobalSection(ProjectConfigurationPlatforms) = postSolution
		{BFFB20BF-3F4E-450D-82D8-72807BF91E92}.Debug|Any CPU.ActiveCfg = Debug|Any CPU
		{BFFB20BF-3F4E-450D-82D8-72807BF91E92}.Debug|Any CPU.Build.0 = Debug|Any CPU
		{BFFB20BF-3F4E-450D-82D8-72807BF91E92}.Release|Any CPU.ActiveCfg = Release|Any CPU
		{BFFB20BF-3F4E-450D-82D8-72807BF91E92}.Release|Any CPU.Build.0 = Release|Any CPU
	EndGlobalSection
	GlobalSection(SolutionProperties) = preSolution
		HideSolutionNode = FALSE
	EndGlobalSection
	GlobalSection(ExtensibilityGlobals) = postSolution
		SolutionGuid = {12F998DB-4992-42D0-8472-933663FC803C}
	EndGlobalSection
EndGlobal
